
Microsoft Visual Studio Solution File, Format Version 12.00
# Visual Studio 14
VisualStudioVersion = 14.0.25123.0
MinimumVisualStudioVersion = 10.0.40219.1
Project("{FAE04EC0-301F-11D3-BF4B-00C04F79EFBC}") = "LittleSeagull.WebApi", "LittleSeagull.WebApi\LittleSeagull.WebApi.csproj", "{8BB9F492-5980-43A4-A3A0-D7B8264046C2}"
EndProject
Project("{FAE04EC0-301F-11D3-BF4B-00C04F79EFBC}") = "2LittleSeagull.Interface", "LittleSeagull.Interface\2LittleSeagull.Interface.csproj", "{13F8EF0F-91A5-45B7-AA5D-0B84F9F3DBB4}"
EndProject
Project("{FAE04EC0-301F-11D3-BF4B-00C04F79EFBC}") = "1LittleSeagull.Model", "LittleSeagull.Model\1LittleSeagull.Model.csproj", "{A4237785-FC53-4426-AAE3-2EAAEEC4E6A0}"
EndProject
Project("{FAE04EC0-301F-11D3-BF4B-00C04F79EFBC}") = "3LittleSeagull.DataService", "LittleSeagull.DataService\3LittleSeagull.DataService.csproj", "{158951E0-7318-47CC-9942-87349E61056A}"
EndProject
Project("{FAE04EC0-301F-11D3-BF4B-00C04F79EFBC}") = "LittleSeagull.UnitTest", "ConsoleApplication1\LittleSeagull.UnitTest.csproj", "{71EB2E30-AFC5-4BF4-AEDF-6C7CEF1BE4A5}"
EndProject
Project("{2150E333-8FDC-42A3-9474-1A3956D46DE8}") = "SourceCode", "SourceCode", "{CD606391-C57E-4F89-95D1-A2C041AC2B43}"
EndProject
Project("{2150E333-8FDC-42A3-9474-1A3956D46DE8}") = "Document", "Document", "{A6107FAB-BBFC-447B-B38B-8436E1FAC3EC}"
EndProject
Project("{FAE04EC0-301F-11D3-BF4B-00C04F79EFBC}") = "Document", "Document\Document.csproj", "{DAE46F11-F8F0-4988-9999-595841195E13}"
EndProject
Project("{2150E333-8FDC-42A3-9474-1A3956D46DE8}") = "Framework", "Framework", "{B67C2665-8354-4DC5-85ED-1409CB44AE7C}"
EndProject
Project("{FAE04EC0-301F-11D3-BF4B-00C04F79EFBC}") = "LittleSeagull.WebApp", "LittleSeagull.WebApp\LittleSeagull.WebApp.csproj", "{7A8D77A9-C386-436F-8258-EDA78899D39B}"
EndProject
Project("{2150E333-8FDC-42A3-9474-1A3956D46DE8}") = "UnitTest", "UnitTest", "{B08C67C5-B19C-4869-A6A7-C69275BBDE0E}"
EndProject
Global
	GlobalSection(SolutionConfigurationPlatforms) = preSolution
		Debug|Any CPU = Debug|Any CPU
		Release|Any CPU = Release|Any CPU
	EndGlobalSection
	GlobalSection(ProjectConfigurationPlatforms) = postSolution
		{8BB9F492-5980-43A4-A3A0-D7B8264046C2}.Debug|Any CPU.ActiveCfg = Debug|Any CPU
		{8BB9F492-5980-43A4-A3A0-D7B8264046C2}.Debug|Any CPU.Build.0 = Debug|Any CPU
		{8BB9F492-5980-43A4-A3A0-D7B8264046C2}.Release|Any CPU.ActiveCfg = Release|Any CPU
		{8BB9F492-5980-43A4-A3A0-D7B8264046C2}.Release|Any CPU.Build.0 = Release|Any CPU
		{13F8EF0F-91A5-45B7-AA5D-0B84F9F3DBB4}.Debug|Any CPU.ActiveCfg = Debug|Any CPU
		{13F8EF0F-91A5-45B7-AA5D-0B84F9F3DBB4}.Debug|Any CPU.Build.0 = Debug|Any CPU
		{13F8EF0F-91A5-45B7-AA5D-0B84F9F3DBB4}.Release|Any CPU.ActiveCfg = Release|Any CPU
		{13F8EF0F-91A5-45B7-AA5D-0B84F9F3DBB4}.Release|Any CPU.Build.0 = Release|Any CPU
		{A4237785-FC53-4426-AAE3-2EAAEEC4E6A0}.Debug|Any CPU.ActiveCfg = Debug|Any CPU
		{A4237785-FC53-4426-AAE3-2EAAEEC4E6A0}.Debug|Any CPU.Build.0 = Debug|Any CPU
		{A4237785-FC53-4426-AAE3-2EAAEEC4E6A0}.Release|Any CPU.ActiveCfg = Release|Any CPU
		{A4237785-FC53-4426-AAE3-2EAAEEC4E6A0}.Release|Any CPU.Build.0 = Release|Any CPU
		{158951E0-7318-47CC-9942-87349E61056A}.Debug|Any CPU.ActiveCfg = Debug|Any CPU
		{158951E0-7318-47CC-9942-87349E61056A}.Debug|Any CPU.Build.0 = Debug|Any CPU
		{158951E0-7318-47CC-9942-87349E61056A}.Release|Any CPU.ActiveCfg = Release|Any CPU
		{158951E0-7318-47CC-9942-87349E61056A}.Release|Any CPU.Build.0 = Release|Any CPU
		{71EB2E30-AFC5-4BF4-AEDF-6C7CEF1BE4A5}.Debug|Any CPU.ActiveCfg = Debug|Any CPU
		{71EB2E30-AFC5-4BF4-AEDF-6C7CEF1BE4A5}.Debug|Any CPU.Build.0 = Debug|Any CPU
		{71EB2E30-AFC5-4BF4-AEDF-6C7CEF1BE4A5}.Release|Any CPU.ActiveCfg = Release|Any CPU
		{71EB2E30-AFC5-4BF4-AEDF-6C7CEF1BE4A5}.Release|Any CPU.Build.0 = Release|Any CPU
		{DAE46F11-F8F0-4988-9999-595841195E13}.Debug|Any CPU.ActiveCfg = Debug|Any CPU
		{DAE46F11-F8F0-4988-9999-595841195E13}.Debug|Any CPU.Build.0 = Debug|Any CPU
		{DAE46F11-F8F0-4988-9999-595841195E13}.Release|Any CPU.ActiveCfg = Release|Any CPU
		{DAE46F11-F8F0-4988-9999-595841195E13}.Release|Any CPU.Build.0 = Release|Any CPU
		{7A8D77A9-C386-436F-8258-EDA78899D39B}.Debug|Any CPU.ActiveCfg = Debug|Any CPU
		{7A8D77A9-C386-436F-8258-EDA78899D39B}.Debug|Any CPU.Build.0 = Debug|Any CPU
		{7A8D77A9-C386-436F-8258-EDA78899D39B}.Release|Any CPU.ActiveCfg = Release|Any CPU
		{7A8D77A9-C386-436F-8258-EDA78899D39B}.Release|Any CPU.Build.0 = Release|Any CPU
	EndGlobalSection
	GlobalSection(SolutionProperties) = preSolution
		HideSolutionNode = FALSE
	EndGlobalSection
	GlobalSection(NestedProjects) = preSolution
		{8BB9F492-5980-43A4-A3A0-D7B8264046C2} = {CD606391-C57E-4F89-95D1-A2C041AC2B43}
		{13F8EF0F-91A5-45B7-AA5D-0B84F9F3DBB4} = {B67C2665-8354-4DC5-85ED-1409CB44AE7C}
		{A4237785-FC53-4426-AAE3-2EAAEEC4E6A0} = {B67C2665-8354-4DC5-85ED-1409CB44AE7C}
		{158951E0-7318-47CC-9942-87349E61056A} = {B67C2665-8354-4DC5-85ED-1409CB44AE7C}
		{71EB2E30-AFC5-4BF4-AEDF-6C7CEF1BE4A5} = {B08C67C5-B19C-4869-A6A7-C69275BBDE0E}
		{DAE46F11-F8F0-4988-9999-595841195E13} = {A6107FAB-BBFC-447B-B38B-8436E1FAC3EC}
		{B67C2665-8354-4DC5-85ED-1409CB44AE7C} = {CD606391-C57E-4F89-95D1-A2C041AC2B43}
		{7A8D77A9-C386-436F-8258-EDA78899D39B} = {CD606391-C57E-4F89-95D1-A2C041AC2B43}
	EndGlobalSection
EndGlobal
